
Microsoft Visual Studio Solution File, Format Version 12.00
# Visual Studio Version 17
VisualStudioVersion = 17.4.33110.190
MinimumVisualStudioVersion = 10.0.40219.1
Project("{FAE04EC0-301F-11D3-BF4B-00C04F79EFBC}") = "hastane", "hastane\hastane.csproj", "{D51D0E24-4FFA-46AA-A1F7-3711819E6D18}"
EndProject
Global
	GlobalSection(SolutionConfigurationPlatforms) = preSolution
		Debug|Any CPU = Debug|Any CPU
		Release|Any CPU = Release|Any CPU
	EndGlobalSection
	GlobalSection(ProjectConfigurationPlatforms) = postSolution
		{D51D0E24-4FFA-46AA-A1F7-3711819E6D18}.Debug|Any CPU.ActiveCfg = Debug|Any CPU
		{D51D0E24-4FFA-46AA-A1F7-3711819E6D18}.Debug|Any CPU.Build.0 = Debug|Any CPU
		{D51D0E24-4FFA-46AA-A1F7-3711819E6D18}.Release|Any CPU.ActiveCfg = Release|Any CPU
		{D51D0E24-4FFA-46AA-A1F7-3711819E6D18}.Release|Any CPU.Build.0 = Release|Any CPU
	EndGlobalSection
	GlobalSection(SolutionProperties) = preSolution
		HideSolutionNode = FALSE
	EndGlobalSection
	GlobalSection(ExtensibilityGlobals) = postSolution
		SolutionGuid = {F56090A2-9235-4DED-A19D-E3ECB78D5E38}
	EndGlobalSection
EndGlobal
